
Microsoft Visual Studio Solution File, Format Version 12.00
# Visual Studio 15
VisualStudioVersion = 15.0.26430.12
MinimumVisualStudioVersion = 10.0.40219.1
Project("{FAE04EC0-301F-11D3-BF4B-00C04F79EFBC}") = "BehaviorsSampleApp", "BehaviorsSampleApp\BehaviorsSampleApp.csproj", "{6B6F90D8-76F2-4CC5-BFDE-D42BDCBFA587}"
EndProject
Project("{FAE04EC0-301F-11D3-BF4B-00C04F79EFBC}") = "BehaviorsSampleApp.Android", "BehaviorsSampleApp.Android\BehaviorsSampleApp.Android.csproj", "{E312FBDC-373D-43EE-AEE9-9FEDBF5FE2D7}"
EndProject
Project("{FAE04EC0-301F-11D3-BF4B-00C04F79EFBC}") = "BehaviorsSampleApp.iOS", "BehaviorsSampleApp.iOS\BehaviorsSampleApp.iOS.csproj", "{D53B60D0-B53A-4653-A6E2-23D0FC01297F}"
EndProject
Project("{FAE04EC0-301F-11D3-BF4B-00C04F79EFBC}") = "BehaviorsSampleApp.UWP", "BehaviorsSampleApp.UWP\BehaviorsSampleApp.UWP.csproj", "{B5DD2C43-91D5-4629-AC76-FFF106E6C8AB}"
EndProject
Project("{9A19103F-16F7-4668-BE54-9A1E7A4F7556}") = "XamarinForms.Behaviors", "XamarinForms.Behaviors\XamarinForms.Behaviors.csproj", "{FBC80D67-DF98-48F7-8F85-03C5888CCC97}"
EndProject
Project("{FAE04EC0-301F-11D3-BF4B-00C04F79EFBC}") = "XamarinForms.Behaviors.Tests", "XamarinForms.Behaviors.Tests\XamarinForms.Behaviors.Tests.csproj", "{2D788EA4-00CC-4961-8300-5DCD2B56AF6E}"
EndProject
Global
	GlobalSection(SolutionConfigurationPlatforms) = preSolution
		Ad-Hoc|Any CPU = Ad-Hoc|Any CPU
		Ad-Hoc|ARM = Ad-Hoc|ARM
		Ad-Hoc|iPhone = Ad-Hoc|iPhone
		Ad-Hoc|iPhoneSimulator = Ad-Hoc|iPhoneSimulator
		Ad-Hoc|x64 = Ad-Hoc|x64
		Ad-Hoc|x86 = Ad-Hoc|x86
		AppStore|Any CPU = AppStore|Any CPU
		AppStore|ARM = AppStore|ARM
		AppStore|iPhone = AppStore|iPhone
		AppStore|iPhoneSimulator = AppStore|iPhoneSimulator
		AppStore|x64 = AppStore|x64
		AppStore|x86 = AppStore|x86
		Debug|Any CPU = Debug|Any CPU
		Debug|ARM = Debug|ARM
		Debug|iPhone = Debug|iPhone
		Debug|iPhoneSimulator = Debug|iPhoneSimulator
		Debug|x64 = Debug|x64
		Debug|x86 = Debug|x86
		Release|Any CPU = Release|Any CPU
		Release|ARM = Release|ARM
		Release|iPhone = Release|iPhone
		Release|iPhoneSimulator = Release|iPhoneSimulator
		Release|x64 = Release|x64
		Release|x86 = Release|x86
	EndGlobalSection
	GlobalSection(ProjectConfigurationPlatforms) = postSolution
		{6B6F90D8-76F2-4CC5-BFDE-D42BDCBFA587}.Ad-Hoc|Any CPU.ActiveCfg = Release|Any CPU
		{6B6F90D8-76F2-4CC5-BFDE-D42BDCBFA587}.Ad-Hoc|Any CPU.Build.0 = Release|Any CPU
		{6B6F90D8-76F2-4CC5-BFDE-D42BDCBFA587}.Ad-Hoc|ARM.ActiveCfg = Release|Any CPU
		{6B6F90D8-76F2-4CC5-BFDE-D42BDCBFA587}.Ad-Hoc|ARM.Build.0 = Release|Any CPU
		{6B6F90D8-76F2-4CC5-BFDE-D42BDCBFA587}.Ad-Hoc|iPhone.ActiveCfg = Release|Any CPU
		{6B6F90D8-76F2-4CC5-BFDE-D42BDCBFA587}.Ad-Hoc|iPhone.Build.0 = Release|Any CPU
		{6B6F90D8-76F2-4CC5-BFDE-D42BDCBFA587}.Ad-Hoc|iPhoneSimulator.ActiveCfg = Release|Any CPU
		{6B6F90D8-76F2-4CC5-BFDE-D42BDCBFA587}.Ad-Hoc|iPhoneSimulator.Build.0 = Release|Any CPU
		{6B6F90D8-76F2-4CC5-BFDE-D42BDCBFA587}.Ad-Hoc|x64.ActiveCfg = Release|Any CPU
		{6B6F90D8-76F2-4CC5-BFDE-D42BDCBFA587}.Ad-Hoc|x64.Build.0 = Release|Any CPU
		{6B6F90D8-76F2-4CC5-BFDE-D42BDCBFA587}.Ad-Hoc|x86.ActiveCfg = Release|Any CPU
		{6B6F90D8-76F2-4CC5-BFDE-D42BDCBFA587}.Ad-Hoc|x86.Build.0 = Release|Any CPU
		{6B6F90D8-76F2-4CC5-BFDE-D42BDCBFA587}.AppStore|Any CPU.ActiveCfg = Release|Any CPU
		{6B6F90D8-76F2-4CC5-BFDE-D42BDCBFA587}.AppStore|Any CPU.Build.0 = Release|Any CPU
		{6B6F90D8-76F2-4CC5-BFDE-D42BDCBFA587}.AppStore|ARM.ActiveCfg = Release|Any CPU
		{6B6F90D8-76F2-4CC5-BFDE-D42BDCBFA587}.AppStore|ARM.Build.0 = Release|Any CPU
		{6B6F90D8-76F2-4CC5-BFDE-D42BDCBFA587}.AppStore|iPhone.ActiveCfg = Release|Any CPU
		{6B6F90D8-76F2-4CC5-BFDE-D42BDCBFA587}.AppStore|iPhone.Build.0 = Release|Any CPU
		{6B6F90D8-76F2-4CC5-BFDE-D42BDCBFA587}.AppStore|iPhoneSimulator.ActiveCfg = Release|Any CPU
		{6B6F90D8-76F2-4CC5-BFDE-D42BDCBFA587}.AppStore|iPhoneSimulator.Build.0 = Release|Any CPU
		{6B6F90D8-76F2-4CC5-BFDE-D42BDCBFA587}.AppStore|x64.ActiveCfg = Release|Any CPU
		{6B6F90D8-76F2-4CC5-BFDE-D42BDCBFA587}.AppStore|x64.Build.0 = Release|Any CPU
		{6B6F90D8-76F2-4CC5-BFDE-D42BDCBFA587}.AppStore|x86.ActiveCfg = Release|Any CPU
		{6B6F90D8-76F2-4CC5-BFDE-D42BDCBFA587}.AppStore|x86.Build.0 = Release|Any CPU
		{6B6F90D8-76F2-4CC5-BFDE-D42BDCBFA587}.Debug|Any CPU.ActiveCfg = Debug|Any CPU
		{6B6F90D8-76F2-4CC5-BFDE-D42BDCBFA587}.Debug|Any CPU.Build.0 = Debug|Any CPU
		{6B6F90D8-76F2-4CC5-BFDE-D42BDCBFA587}.Debug|ARM.ActiveCfg = Debug|Any CPU
		{6B6F90D8-76F2-4CC5-BFDE-D42BDCBFA587}.Debug|ARM.Build.0 = Debug|Any CPU
		{6B6F90D8-76F2-4CC5-BFDE-D42BDCBFA587}.Debug|iPhone.ActiveCfg = Debug|Any CPU
		{6B6F90D8-76F2-4CC5-BFDE-D42BDCBFA587}.Debug|iPhone.Build.0 = Debug|Any CPU
		{6B6F90D8-76F2-4CC5-BFDE-D42BDCBFA587}.Debug|iPhoneSimulator.ActiveCfg = Debug|Any CPU
		{6B6F90D8-76F2-4CC5-BFDE-D42BDCBFA587}.Debug|iPhoneSimulator.Build.0 = Debug|Any CPU
		{6B6F90D8-76F2-4CC5-BFDE-D42BDCBFA587}.Debug|x64.ActiveCfg = Debug|Any CPU
		{6B6F90D8-76F2-4CC5-BFDE-D42BDCBFA587}.Debug|x64.Build.0 = Debug|Any CPU
		{6B6F90D8-76F2-4CC5-BFDE-D42BDCBFA587}.Debug|x86.ActiveCfg = Debug|Any CPU
		{6B6F90D8-76F2-4CC5-BFDE-D42BDCBFA587}.Debug|x86.Build.0 = Debug|Any CPU
		{6B6F90D8-76F2-4CC5-BFDE-D42BDCBFA587}.Release|Any CPU.ActiveCfg = Release|Any CPU
		{6B6F90D8-76F2-4CC5-BFDE-D42BDCBFA587}.Release|Any CPU.Build.0 = Release|Any CPU
		{6B6F90D8-76F2-4CC5-BFDE-D42BDCBFA587}.Release|ARM.ActiveCfg = Release|Any CPU
		{6B6F90D8-76F2-4CC5-BFDE-D42BDCBFA587}.Release|ARM.Build.0 = Release|Any CPU
		{6B6F90D8-76F2-4CC5-BFDE-D42BDCBFA587}.Release|iPhone.ActiveCfg = Release|Any CPU
		{6B6F90D8-76F2-4CC5-BFDE-D42BDCBFA587}.Release|iPhone.Build.0 = Release|Any CPU
		{6B6F90D8-76F2-4CC5-BFDE-D42BDCBFA587}.Release|iPhoneSimulator.ActiveCfg = Release|Any CPU
		{6B6F90D8-76F2-4CC5-BFDE-D42BDCBFA587}.Release|x64.ActiveCfg = Release|Any CPU
		{6B6F90D8-76F2-4CC5-BFDE-D42BDCBFA587}.Release|x64.Build.0 = Release|Any CPU
		{6B6F90D8-76F2-4CC5-BFDE-D42BDCBFA587}.Release|x86.ActiveCfg = Release|Any CPU
		{6B6F90D8-76F2-4CC5-BFDE-D42BDCBFA587}.Release|x86.Build.0 = Release|Any CPU
		{E312FBDC-373D-43EE-AEE9-9FEDBF5FE2D7}.Ad-Hoc|Any CPU.ActiveCfg = Release|Any CPU
		{E312FBDC-373D-43EE-AEE9-9FEDBF5FE2D7}.Ad-Hoc|Any CPU.Build.0 = Release|Any CPU
		{E312FBDC-373D-43EE-AEE9-9FEDBF5FE2D7}.Ad-Hoc|Any CPU.Deploy.0 = Release|Any CPU
		{E312FBDC-373D-43EE-AEE9-9FEDBF5FE2D7}.Ad-Hoc|ARM.ActiveCfg = Release|Any CPU
		{E312FBDC-373D-43EE-AEE9-9FEDBF5FE2D7}.Ad-Hoc|ARM.Build.0 = Release|Any CPU
		{E312FBDC-373D-43EE-AEE9-9FEDBF5FE2D7}.Ad-Hoc|ARM.Deploy.0 = Release|Any CPU
		{E312FBDC-373D-43EE-AEE9-9FEDBF5FE2D7}.Ad-Hoc|iPhone.ActiveCfg = Release|Any CPU
		{E312FBDC-373D-43EE-AEE9-9FEDBF5FE2D7}.Ad-Hoc|iPhone.Build.0 = Release|Any CPU
		{E312FBDC-373D-43EE-AEE9-9FEDBF5FE2D7}.Ad-Hoc|iPhone.Deploy.0 = Release|Any CPU
		{E312FBDC-373D-43EE-AEE9-9FEDBF5FE2D7}.Ad-Hoc|iPhoneSimulator.ActiveCfg = Release|Any CPU
		{E312FBDC-373D-43EE-AEE9-9FEDBF5FE2D7}.Ad-Hoc|iPhoneSimulator.Build.0 = Release|Any CPU
		{E312FBDC-373D-43EE-AEE9-9FEDBF5FE2D7}.Ad-Hoc|iPhoneSimulator.Deploy.0 = Release|Any CPU
		{E312FBDC-373D-43EE-AEE9-9FEDBF5FE2D7}.Ad-Hoc|x64.ActiveCfg = Release|Any CPU
		{E312FBDC-373D-43EE-AEE9-9FEDBF5FE2D7}.Ad-Hoc|x64.Build.0 = Release|Any CPU
		{E312FBDC-373D-43EE-AEE9-9FEDBF5FE2D7}.Ad-Hoc|x64.Deploy.0 = Release|Any CPU
		{E312FBDC-373D-43EE-AEE9-9FEDBF5FE2D7}.Ad-Hoc|x86.ActiveCfg = Release|Any CPU
		{E312FBDC-373D-43EE-AEE9-9FEDBF5FE2D7}.Ad-Hoc|x86.Build.0 = Release|Any CPU
		{E312FBDC-373D-43EE-AEE9-9FEDBF5FE2D7}.Ad-Hoc|x86.Deploy.0 = Release|Any CPU
		{E312FBDC-373D-43EE-AEE9-9FEDBF5FE2D7}.AppStore|Any CPU.ActiveCfg = Release|Any CPU
		{E312FBDC-373D-43EE-AEE9-9FEDBF5FE2D7}.AppStore|Any CPU.Build.0 = Release|Any CPU
		{E312FBDC-373D-43EE-AEE9-9FEDBF5FE2D7}.AppStore|Any CPU.Deploy.0 = Release|Any CPU
		{E312FBDC-373D-43EE-AEE9-9FEDBF5FE2D7}.AppStore|ARM.ActiveCfg = Release|Any CPU
		{E312FBDC-373D-43EE-AEE9-9FEDBF5FE2D7}.AppStore|ARM.Build.0 = Release|Any CPU
		{E312FBDC-373D-43EE-AEE9-9FEDBF5FE2D7}.AppStore|ARM.Deploy.0 = Release|Any CPU
		{E312FBDC-373D-43EE-AEE9-9FEDBF5FE2D7}.AppStore|iPhone.ActiveCfg = Release|Any CPU
		{E312FBDC-373D-43EE-AEE9-9FEDBF5FE2D7}.AppStore|iPhone.Build.0 = Release|Any CPU
		{E312FBDC-373D-43EE-AEE9-9FEDBF5FE2D7}.AppStore|iPhone.Deploy.0 = Release|Any CPU
		{E312FBDC-373D-43EE-AEE9-9FEDBF5FE2D7}.AppStore|iPhoneSimulator.ActiveCfg = Release|Any CPU
		{E312FBDC-373D-43EE-AEE9-9FEDBF5FE2D7}.AppStore|iPhoneSimulator.Build.0 = Release|Any CPU
		{E312FBDC-373D-43EE-AEE9-9FEDBF5FE2D7}.AppStore|iPhoneSimulator.Deploy.0 = Release|Any CPU
		{E312FBDC-373D-43EE-AEE9-9FEDBF5FE2D7}.AppStore|x64.ActiveCfg = Release|Any CPU
		{E312FBDC-373D-43EE-AEE9-9FEDBF5FE2D7}.AppStore|x64.Build.0 = Release|Any CPU
		{E312FBDC-373D-43EE-AEE9-9FEDBF5FE2D7}.AppStore|x64.Deploy.0 = Release|Any CPU
		{E312FBDC-373D-43EE-AEE9-9FEDBF5FE2D7}.AppStore|x86.ActiveCfg = Release|Any CPU
		{E312FBDC-373D-43EE-AEE9-9FEDBF5FE2D7}.AppStore|x86.Build.0 = Release|Any CPU
		{E312FBDC-373D-43EE-AEE9-9FEDBF5FE2D7}.AppStore|x86.Deploy.0 = Release|Any CPU
		{E312FBDC-373D-43EE-AEE9-9FEDBF5FE2D7}.Debug|Any CPU.ActiveCfg = Debug|Any CPU
		{E312FBDC-373D-43EE-AEE9-9FEDBF5FE2D7}.Debug|Any CPU.Build.0 = Debug|Any CPU
		{E312FBDC-373D-43EE-AEE9-9FEDBF5FE2D7}.Debug|Any CPU.Deploy.0 = Debug|Any CPU
		{E312FBDC-373D-43EE-AEE9-9FEDBF5FE2D7}.Debug|ARM.ActiveCfg = Debug|Any CPU
		{E312FBDC-373D-43EE-AEE9-9FEDBF5FE2D7}.Debug|ARM.Build.0 = Debug|Any CPU
		{E312FBDC-373D-43EE-AEE9-9FEDBF5FE2D7}.Debug|ARM.Deploy.0 = Debug|Any CPU
		{E312FBDC-373D-43EE-AEE9-9FEDBF5FE2D7}.Debug|iPhone.ActiveCfg = Debug|Any CPU
		{E312FBDC-373D-43EE-AEE9-9FEDBF5FE2D7}.Debug|iPhone.Build.0 = Debug|Any CPU
		{E312FBDC-373D-43EE-AEE9-9FEDBF5FE2D7}.Debug|iPhone.Deploy.0 = Debug|Any CPU
		{E312FBDC-373D-43EE-AEE9-9FEDBF5FE2D7}.Debug|iPhoneSimulator.ActiveCfg = Debug|Any CPU
		{E312FBDC-373D-43EE-AEE9-9FEDBF5FE2D7}.Debug|iPhoneSimulator.Build.0 = Debug|Any CPU
		{E312FBDC-373D-43EE-AEE9-9FEDBF5FE2D7}.Debug|iPhoneSimulator.Deploy.0 = Debug|Any CPU
		{E312FBDC-373D-43EE-AEE9-9FEDBF5FE2D7}.Debug|x64.ActiveCfg = Debug|Any CPU
		{E312FBDC-373D-43EE-AEE9-9FEDBF5FE2D7}.Debug|x64.Build.0 = Debug|Any CPU
		{E312FBDC-373D-43EE-AEE9-9FEDBF5FE2D7}.Debug|x64.Deploy.0 = Debug|Any CPU
		{E312FBDC-373D-43EE-AEE9-9FEDBF5FE2D7}.Debug|x86.ActiveCfg = Debug|Any CPU
		{E312FBDC-373D-43EE-AEE9-9FEDBF5FE2D7}.Debug|x86.Build.0 = Debug|Any CPU
		{E312FBDC-373D-43EE-AEE9-9FEDBF5FE2D7}.Debug|x86.Deploy.0 = Debug|Any CPU
		{E312FBDC-373D-43EE-AEE9-9FEDBF5FE2D7}.Release|Any CPU.ActiveCfg = Release|Any CPU
		{E312FBDC-373D-43EE-AEE9-9FEDBF5FE2D7}.Release|Any CPU.Build.0 = Release|Any CPU
		{E312FBDC-373D-43EE-AEE9-9FEDBF5FE2D7}.Release|Any CPU.Deploy.0 = Release|Any CPU
		{E312FBDC-373D-43EE-AEE9-9FEDBF5FE2D7}.Release|ARM.ActiveCfg = Release|Any CPU
		{E312FBDC-373D-43EE-AEE9-9FEDBF5FE2D7}.Release|ARM.Build.0 = Release|Any CPU
		{E312FBDC-373D-43EE-AEE9-9FEDBF5FE2D7}.Release|ARM.Deploy.0 = Release|Any CPU
		{E312FBDC-373D-43EE-AEE9-9FEDBF5FE2D7}.Release|iPhone.ActiveCfg = Release|Any CPU
		{E312FBDC-373D-43EE-AEE9-9FEDBF5FE2D7}.Release|iPhone.Build.0 = Release|Any CPU
		{E312FBDC-373D-43EE-AEE9-9FEDBF5FE2D7}.Release|iPhone.Deploy.0 = Release|Any CPU
		{E312FBDC-373D-43EE-AEE9-9FEDBF5FE2D7}.Release|iPhoneSimulator.ActiveCfg = Release|Any CPU
		{E312FBDC-373D-43EE-AEE9-9FEDBF5FE2D7}.Release|x64.ActiveCfg = Release|Any CPU
		{E312FBDC-373D-43EE-AEE9-9FEDBF5FE2D7}.Release|x64.Build.0 = Release|Any CPU
		{E312FBDC-373D-43EE-AEE9-9FEDBF5FE2D7}.Release|x64.Deploy.0 = Release|Any CPU
		{E312FBDC-373D-43EE-AEE9-9FEDBF5FE2D7}.Release|x86.ActiveCfg = Release|Any CPU
		{E312FBDC-373D-43EE-AEE9-9FEDBF5FE2D7}.Release|x86.Build.0 = Release|Any CPU
		{E312FBDC-373D-43EE-AEE9-9FEDBF5FE2D7}.Release|x86.Deploy.0 = Release|Any CPU
		{D53B60D0-B53A-4653-A6E2-23D0FC01297F}.Ad-Hoc|Any CPU.ActiveCfg = Ad-Hoc|iPhone
		{D53B60D0-B53A-4653-A6E2-23D0FC01297F}.Ad-Hoc|ARM.ActiveCfg = Ad-Hoc|iPhone
		{D53B60D0-B53A-4653-A6E2-23D0FC01297F}.Ad-Hoc|iPhone.ActiveCfg = Ad-Hoc|iPhone
		{D53B60D0-B53A-4653-A6E2-23D0FC01297F}.Ad-Hoc|iPhone.Build.0 = Ad-Hoc|iPhone
		{D53B60D0-B53A-4653-A6E2-23D0FC01297F}.Ad-Hoc|iPhoneSimulator.ActiveCfg = Ad-Hoc|iPhoneSimulator
		{D53B60D0-B53A-4653-A6E2-23D0FC01297F}.Ad-Hoc|iPhoneSimulator.Build.0 = Ad-Hoc|iPhoneSimulator
		{D53B60D0-B53A-4653-A6E2-23D0FC01297F}.Ad-Hoc|x64.ActiveCfg = Ad-Hoc|iPhone
		{D53B60D0-B53A-4653-A6E2-23D0FC01297F}.Ad-Hoc|x86.ActiveCfg = Ad-Hoc|iPhone
		{D53B60D0-B53A-4653-A6E2-23D0FC01297F}.AppStore|Any CPU.ActiveCfg = AppStore|iPhone
		{D53B60D0-B53A-4653-A6E2-23D0FC01297F}.AppStore|ARM.ActiveCfg = AppStore|iPhone
		{D53B60D0-B53A-4653-A6E2-23D0FC01297F}.AppStore|iPhone.ActiveCfg = AppStore|iPhone
		{D53B60D0-B53A-4653-A6E2-23D0FC01297F}.AppStore|iPhone.Build.0 = AppStore|iPhone
		{D53B60D0-B53A-4653-A6E2-23D0FC01297F}.AppStore|iPhoneSimulator.ActiveCfg = AppStore|iPhoneSimulator
		{D53B60D0-B53A-4653-A6E2-23D0FC01297F}.AppStore|iPhoneSimulator.Build.0 = AppStore|iPhoneSimulator
		{D53B60D0-B53A-4653-A6E2-23D0FC01297F}.AppStore|x64.ActiveCfg = AppStore|iPhone
		{D53B60D0-B53A-4653-A6E2-23D0FC01297F}.AppStore|x86.ActiveCfg = AppStore|iPhone
		{D53B60D0-B53A-4653-A6E2-23D0FC01297F}.Debug|Any CPU.ActiveCfg = Debug|iPhone
		{D53B60D0-B53A-4653-A6E2-23D0FC01297F}.Debug|ARM.ActiveCfg = Debug|iPhone
		{D53B60D0-B53A-4653-A6E2-23D0FC01297F}.Debug|iPhone.ActiveCfg = Debug|iPhone
		{D53B60D0-B53A-4653-A6E2-23D0FC01297F}.Debug|iPhone.Build.0 = Debug|iPhone
		{D53B60D0-B53A-4653-A6E2-23D0FC01297F}.Debug|iPhoneSimulator.ActiveCfg = Debug|iPhoneSimulator
		{D53B60D0-B53A-4653-A6E2-23D0FC01297F}.Debug|iPhoneSimulator.Build.0 = Debug|iPhoneSimulator
		{D53B60D0-B53A-4653-A6E2-23D0FC01297F}.Debug|x64.ActiveCfg = Debug|iPhone
		{D53B60D0-B53A-4653-A6E2-23D0FC01297F}.Debug|x86.ActiveCfg = Debug|iPhone
		{D53B60D0-B53A-4653-A6E2-23D0FC01297F}.Release|Any CPU.ActiveCfg = Release|iPhone
		{D53B60D0-B53A-4653-A6E2-23D0FC01297F}.Release|ARM.ActiveCfg = Release|iPhone
		{D53B60D0-B53A-4653-A6E2-23D0FC01297F}.Release|iPhone.ActiveCfg = Release|iPhone
		{D53B60D0-B53A-4653-A6E2-23D0FC01297F}.Release|iPhone.Build.0 = Release|iPhone
		{D53B60D0-B53A-4653-A6E2-23D0FC01297F}.Release|iPhoneSimulator.ActiveCfg = Release|iPhoneSimulator
		{D53B60D0-B53A-4653-A6E2-23D0FC01297F}.Release|x64.ActiveCfg = Release|iPhone
		{D53B60D0-B53A-4653-A6E2-23D0FC01297F}.Release|x86.ActiveCfg = Release|iPhone
		{B5DD2C43-91D5-4629-AC76-FFF106E6C8AB}.Ad-Hoc|Any CPU.ActiveCfg = Release|x86
		{B5DD2C43-91D5-4629-AC76-FFF106E6C8AB}.Ad-Hoc|Any CPU.Build.0 = Release|x86
		{B5DD2C43-91D5-4629-AC76-FFF106E6C8AB}.Ad-Hoc|Any CPU.Deploy.0 = Release|x86
		{B5DD2C43-91D5-4629-AC76-FFF106E6C8AB}.Ad-Hoc|ARM.ActiveCfg = Release|ARM
		{B5DD2C43-91D5-4629-AC76-FFF106E6C8AB}.Ad-Hoc|ARM.Build.0 = Release|ARM
		{B5DD2C43-91D5-4629-AC76-FFF106E6C8AB}.Ad-Hoc|ARM.Deploy.0 = Release|ARM
		{B5DD2C43-91D5-4629-AC76-FFF106E6C8AB}.Ad-Hoc|iPhone.ActiveCfg = Release|x86
		{B5DD2C43-91D5-4629-AC76-FFF106E6C8AB}.Ad-Hoc|iPhone.Build.0 = Release|x86
		{B5DD2C43-91D5-4629-AC76-FFF106E6C8AB}.Ad-Hoc|iPhone.Deploy.0 = Release|x86
		{B5DD2C43-91D5-4629-AC76-FFF106E6C8AB}.Ad-Hoc|iPhoneSimulator.ActiveCfg = Release|x86
		{B5DD2C43-91D5-4629-AC76-FFF106E6C8AB}.Ad-Hoc|iPhoneSimulator.Build.0 = Release|x86
		{B5DD2C43-91D5-4629-AC76-FFF106E6C8AB}.Ad-Hoc|iPhoneSimulator.Deploy.0 = Release|x86
		{B5DD2C43-91D5-4629-AC76-FFF106E6C8AB}.Ad-Hoc|x64.ActiveCfg = Release|x64
		{B5DD2C43-91D5-4629-AC76-FFF106E6C8AB}.Ad-Hoc|x64.Build.0 = Release|x64
		{B5DD2C43-91D5-4629-AC76-FFF106E6C8AB}.Ad-Hoc|x64.Deploy.0 = Release|x64
		{B5DD2C43-91D5-4629-AC76-FFF106E6C8AB}.Ad-Hoc|x86.ActiveCfg = Release|x86
		{B5DD2C43-91D5-4629-AC76-FFF106E6C8AB}.Ad-Hoc|x86.Build.0 = Release|x86
		{B5DD2C43-91D5-4629-AC76-FFF106E6C8AB}.Ad-Hoc|x86.Deploy.0 = Release|x86
		{B5DD2C43-91D5-4629-AC76-FFF106E6C8AB}.AppStore|Any CPU.ActiveCfg = Release|x86
		{B5DD2C43-91D5-4629-AC76-FFF106E6C8AB}.AppStore|Any CPU.Build.0 = Release|x86
		{B5DD2C43-91D5-4629-AC76-FFF106E6C8AB}.AppStore|Any CPU.Deploy.0 = Release|x86
		{B5DD2C43-91D5-4629-AC76-FFF106E6C8AB}.AppStore|ARM.ActiveCfg = Release|ARM
		{B5DD2C43-91D5-4629-AC76-FFF106E6C8AB}.AppStore|ARM.Build.0 = Release|ARM
		{B5DD2C43-91D5-4629-AC76-FFF106E6C8AB}.AppStore|ARM.Deploy.0 = Release|ARM
		{B5DD2C43-91D5-4629-AC76-FFF106E6C8AB}.AppStore|iPhone.ActiveCfg = Release|x86
		{B5DD2C43-91D5-4629-AC76-FFF106E6C8AB}.AppStore|iPhone.Build.0 = Release|x86
		{B5DD2C43-91D5-4629-AC76-FFF106E6C8AB}.AppStore|iPhone.Deploy.0 = Release|x86
		{B5DD2C43-91D5-4629-AC76-FFF106E6C8AB}.AppStore|iPhoneSimulator.ActiveCfg = Release|x86
		{B5DD2C43-91D5-4629-AC76-FFF106E6C8AB}.AppStore|iPhoneSimulator.Build.0 = Release|x86
		{B5DD2C43-91D5-4629-AC76-FFF106E6C8AB}.AppStore|iPhoneSimulator.Deploy.0 = Release|x86
		{B5DD2C43-91D5-4629-AC76-FFF106E6C8AB}.AppStore|x64.ActiveCfg = Release|x64
		{B5DD2C43-91D5-4629-AC76-FFF106E6C8AB}.AppStore|x64.Build.0 = Release|x64
		{B5DD2C43-91D5-4629-AC76-FFF106E6C8AB}.AppStore|x64.Deploy.0 = Release|x64
		{B5DD2C43-91D5-4629-AC76-FFF106E6C8AB}.AppStore|x86.ActiveCfg = Release|x86
		{B5DD2C43-91D5-4629-AC76-FFF106E6C8AB}.AppStore|x86.Build.0 = Release|x86
		{B5DD2C43-91D5-4629-AC76-FFF106E6C8AB}.AppStore|x86.Deploy.0 = Release|x86
		{B5DD2C43-91D5-4629-AC76-FFF106E6C8AB}.Debug|Any CPU.ActiveCfg = Debug|x86
		{B5DD2C43-91D5-4629-AC76-FFF106E6C8AB}.Debug|ARM.ActiveCfg = Debug|ARM
		{B5DD2C43-91D5-4629-AC76-FFF106E6C8AB}.Debug|ARM.Build.0 = Debug|ARM
		{B5DD2C43-91D5-4629-AC76-FFF106E6C8AB}.Debug|ARM.Deploy.0 = Debug|ARM
		{B5DD2C43-91D5-4629-AC76-FFF106E6C8AB}.Debug|iPhone.ActiveCfg = Debug|x86
		{B5DD2C43-91D5-4629-AC76-FFF106E6C8AB}.Debug|iPhoneSimulator.ActiveCfg = Debug|x86
		{B5DD2C43-91D5-4629-AC76-FFF106E6C8AB}.Debug|iPhoneSimulator.Build.0 = Debug|x86
		{B5DD2C43-91D5-4629-AC76-FFF106E6C8AB}.Debug|iPhoneSimulator.Deploy.0 = Debug|x86
		{B5DD2C43-91D5-4629-AC76-FFF106E6C8AB}.Debug|x64.ActiveCfg = Debug|x64
		{B5DD2C43-91D5-4629-AC76-FFF106E6C8AB}.Debug|x64.Build.0 = Debug|x64
		{B5DD2C43-91D5-4629-AC76-FFF106E6C8AB}.Debug|x64.Deploy.0 = Debug|x64
		{B5DD2C43-91D5-4629-AC76-FFF106E6C8AB}.Debug|x86.ActiveCfg = Debug|x86
		{B5DD2C43-91D5-4629-AC76-FFF106E6C8AB}.Debug|x86.Build.0 = Debug|x86
		{B5DD2C43-91D5-4629-AC76-FFF106E6C8AB}.Debug|x86.Deploy.0 = Debug|x86
		{B5DD2C43-91D5-4629-AC76-FFF106E6C8AB}.Release|Any CPU.ActiveCfg = Release|x86
		{B5DD2C43-91D5-4629-AC76-FFF106E6C8AB}.Release|ARM.ActiveCfg = Release|ARM
		{B5DD2C43-91D5-4629-AC76-FFF106E6C8AB}.Release|ARM.Build.0 = Release|ARM
		{B5DD2C43-91D5-4629-AC76-FFF106E6C8AB}.Release|ARM.Deploy.0 = Release|ARM
		{B5DD2C43-91D5-4629-AC76-FFF106E6C8AB}.Release|iPhone.ActiveCfg = Release|x86
		{B5DD2C43-91D5-4629-AC76-FFF106E6C8AB}.Release|iPhoneSimulator.ActiveCfg = Release|x86
		{B5DD2C43-91D5-4629-AC76-FFF106E6C8AB}.Release|x64.ActiveCfg = Release|x64
		{B5DD2C43-91D5-4629-AC76-FFF106E6C8AB}.Release|x64.Build.0 = Release|x64
		{B5DD2C43-91D5-4629-AC76-FFF106E6C8AB}.Release|x64.Deploy.0 = Release|x64
		{B5DD2C43-91D5-4629-AC76-FFF106E6C8AB}.Release|x86.ActiveCfg = Release|x86
		{B5DD2C43-91D5-4629-AC76-FFF106E6C8AB}.Release|x86.Build.0 = Release|x86
		{B5DD2C43-91D5-4629-AC76-FFF106E6C8AB}.Release|x86.Deploy.0 = Release|x86
		{FBC80D67-DF98-48F7-8F85-03C5888CCC97}.Ad-Hoc|Any CPU.ActiveCfg = Debug|Any CPU
		{FBC80D67-DF98-48F7-8F85-03C5888CCC97}.Ad-Hoc|Any CPU.Build.0 = Debug|Any CPU
		{FBC80D67-DF98-48F7-8F85-03C5888CCC97}.Ad-Hoc|ARM.ActiveCfg = Debug|Any CPU
		{FBC80D67-DF98-48F7-8F85-03C5888CCC97}.Ad-Hoc|ARM.Build.0 = Debug|Any CPU
		{FBC80D67-DF98-48F7-8F85-03C5888CCC97}.Ad-Hoc|iPhone.ActiveCfg = Debug|Any CPU
		{FBC80D67-DF98-48F7-8F85-03C5888CCC97}.Ad-Hoc|iPhone.Build.0 = Debug|Any CPU
		{FBC80D67-DF98-48F7-8F85-03C5888CCC97}.Ad-Hoc|iPhoneSimulator.ActiveCfg = Debug|Any CPU
		{FBC80D67-DF98-48F7-8F85-03C5888CCC97}.Ad-Hoc|iPhoneSimulator.Build.0 = Debug|Any CPU
		{FBC80D67-DF98-48F7-8F85-03C5888CCC97}.Ad-Hoc|x64.ActiveCfg = Debug|Any CPU
		{FBC80D67-DF98-48F7-8F85-03C5888CCC97}.Ad-Hoc|x64.Build.0 = Debug|Any CPU
		{FBC80D67-DF98-48F7-8F85-03C5888CCC97}.Ad-Hoc|x86.ActiveCfg = Debug|Any CPU
		{FBC80D67-DF98-48F7-8F85-03C5888CCC97}.Ad-Hoc|x86.Build.0 = Debug|Any CPU
		{FBC80D67-DF98-48F7-8F85-03C5888CCC97}.AppStore|Any CPU.ActiveCfg = Debug|Any CPU
		{FBC80D67-DF98-48F7-8F85-03C5888CCC97}.AppStore|Any CPU.Build.0 = Debug|Any CPU
		{FBC80D67-DF98-48F7-8F85-03C5888CCC97}.AppStore|ARM.ActiveCfg = Debug|Any CPU
		{FBC80D67-DF98-48F7-8F85-03C5888CCC97}.AppStore|ARM.Build.0 = Debug|Any CPU
		{FBC80D67-DF98-48F7-8F85-03C5888CCC97}.AppStore|iPhone.ActiveCfg = Debug|Any CPU
		{FBC80D67-DF98-48F7-8F85-03C5888CCC97}.AppStore|iPhone.Build.0 = Debug|Any CPU
		{FBC80D67-DF98-48F7-8F85-03C5888CCC97}.AppStore|iPhoneSimulator.ActiveCfg = Debug|Any CPU
		{FBC80D67-DF98-48F7-8F85-03C5888CCC97}.AppStore|iPhoneSimulator.Build.0 = Debug|Any CPU
		{FBC80D67-DF98-48F7-8F85-03C5888CCC97}.AppStore|x64.ActiveCfg = Debug|Any CPU
		{FBC80D67-DF98-48F7-8F85-03C5888CCC97}.AppStore|x64.Build.0 = Debug|Any CPU
		{FBC80D67-DF98-48F7-8F85-03C5888CCC97}.AppStore|x86.ActiveCfg = Debug|Any CPU
		{FBC80D67-DF98-48F7-8F85-03C5888CCC97}.AppStore|x86.Build.0 = Debug|Any CPU
		{FBC80D67-DF98-48F7-8F85-03C5888CCC97}.Debug|Any CPU.ActiveCfg = Debug|Any CPU
		{FBC80D67-DF98-48F7-8F85-03C5888CCC97}.Debug|Any CPU.Build.0 = Debug|Any CPU
		{FBC80D67-DF98-48F7-8F85-03C5888CCC97}.Debug|ARM.ActiveCfg = Debug|Any CPU
		{FBC80D67-DF98-48F7-8F85-03C5888CCC97}.Debug|ARM.Build.0 = Debug|Any CPU
		{FBC80D67-DF98-48F7-8F85-03C5888CCC97}.Debug|iPhone.ActiveCfg = Debug|Any CPU
		{FBC80D67-DF98-48F7-8F85-03C5888CCC97}.Debug|iPhone.Build.0 = Debug|Any CPU
		{FBC80D67-DF98-48F7-8F85-03C5888CCC97}.Debug|iPhoneSimulator.ActiveCfg = Debug|Any CPU
		{FBC80D67-DF98-48F7-8F85-03C5888CCC97}.Debug|iPhoneSimulator.Build.0 = Debug|Any CPU
		{FBC80D67-DF98-48F7-8F85-03C5888CCC97}.Debug|x64.ActiveCfg = Debug|Any CPU
		{FBC80D67-DF98-48F7-8F85-03C5888CCC97}.Debug|x64.Build.0 = Debug|Any CPU
		{FBC80D67-DF98-48F7-8F85-03C5888CCC97}.Debug|x86.ActiveCfg = Debug|Any CPU
		{FBC80D67-DF98-48F7-8F85-03C5888CCC97}.Debug|x86.Build.0 = Debug|Any CPU
		{FBC80D67-DF98-48F7-8F85-03C5888CCC97}.Release|Any CPU.ActiveCfg = Release|Any CPU
		{FBC80D67-DF98-48F7-8F85-03C5888CCC97}.Release|Any CPU.Build.0 = Release|Any CPU
		{FBC80D67-DF98-48F7-8F85-03C5888CCC97}.Release|ARM.ActiveCfg = Release|Any CPU
		{FBC80D67-DF98-48F7-8F85-03C5888CCC97}.Release|ARM.Build.0 = Release|Any CPU
		{FBC80D67-DF98-48F7-8F85-03C5888CCC97}.Release|iPhone.ActiveCfg = Release|Any CPU
		{FBC80D67-DF98-48F7-8F85-03C5888CCC97}.Release|iPhone.Build.0 = Release|Any CPU
		{FBC80D67-DF98-48F7-8F85-03C5888CCC97}.Release|iPhoneSimulator.ActiveCfg = Release|Any CPU
		{FBC80D67-DF98-48F7-8F85-03C5888CCC97}.Release|iPhoneSimulator.Build.0 = Release|Any CPU
		{FBC80D67-DF98-48F7-8F85-03C5888CCC97}.Release|x64.ActiveCfg = Release|Any CPU
		{FBC80D67-DF98-48F7-8F85-03C5888CCC97}.Release|x64.Build.0 = Release|Any CPU
		{FBC80D67-DF98-48F7-8F85-03C5888CCC97}.Release|x86.ActiveCfg = Release|Any CPU
		{FBC80D67-DF98-48F7-8F85-03C5888CCC97}.Release|x86.Build.0 = Release|Any CPU
		{2D788EA4-00CC-4961-8300-5DCD2B56AF6E}.Ad-Hoc|Any CPU.ActiveCfg = Release|Any CPU
		{2D788EA4-00CC-4961-8300-5DCD2B56AF6E}.Ad-Hoc|Any CPU.Build.0 = Release|Any CPU
		{2D788EA4-00CC-4961-8300-5DCD2B56AF6E}.Ad-Hoc|ARM.ActiveCfg = Release|Any CPU
		{2D788EA4-00CC-4961-8300-5DCD2B56AF6E}.Ad-Hoc|ARM.Build.0 = Release|Any CPU
		{2D788EA4-00CC-4961-8300-5DCD2B56AF6E}.Ad-Hoc|iPhone.ActiveCfg = Release|Any CPU
		{2D788EA4-00CC-4961-8300-5DCD2B56AF6E}.Ad-Hoc|iPhone.Build.0 = Release|Any CPU
		{2D788EA4-00CC-4961-8300-5DCD2B56AF6E}.Ad-Hoc|iPhoneSimulator.ActiveCfg = Release|Any CPU
		{2D788EA4-00CC-4961-8300-5DCD2B56AF6E}.Ad-Hoc|iPhoneSimulator.Build.0 = Release|Any CPU
		{2D788EA4-00CC-4961-8300-5DCD2B56AF6E}.Ad-Hoc|x64.ActiveCfg = Release|Any CPU
		{2D788EA4-00CC-4961-8300-5DCD2B56AF6E}.Ad-Hoc|x64.Build.0 = Release|Any CPU
		{2D788EA4-00CC-4961-8300-5DCD2B56AF6E}.Ad-Hoc|x86.ActiveCfg = Release|Any CPU
		{2D788EA4-00CC-4961-8300-5DCD2B56AF6E}.Ad-Hoc|x86.Build.0 = Release|Any CPU
		{2D788EA4-00CC-4961-8300-5DCD2B56AF6E}.AppStore|Any CPU.ActiveCfg = Release|Any CPU
		{2D788EA4-00CC-4961-8300-5DCD2B56AF6E}.AppStore|Any CPU.Build.0 = Release|Any CPU
		{2D788EA4-00CC-4961-8300-5DCD2B56AF6E}.AppStore|ARM.ActiveCfg = Release|Any CPU
		{2D788EA4-00CC-4961-8300-5DCD2B56AF6E}.AppStore|ARM.Build.0 = Release|Any CPU
		{2D788EA4-00CC-4961-8300-5DCD2B56AF6E}.AppStore|iPhone.ActiveCfg = Release|Any CPU
		{2D788EA4-00CC-4961-8300-5DCD2B56AF6E}.AppStore|iPhone.Build.0 = Release|Any CPU
		{2D788EA4-00CC-4961-8300-5DCD2B56AF6E}.AppStore|iPhoneSimulator.ActiveCfg = Release|Any CPU
		{2D788EA4-00CC-4961-8300-5DCD2B56AF6E}.AppStore|iPhoneSimulator.Build.0 = Release|Any CPU
		{2D788EA4-00CC-4961-8300-5DCD2B56AF6E}.AppStore|x64.ActiveCfg = Release|Any CPU
		{2D788EA4-00CC-4961-8300-5DCD2B56AF6E}.AppStore|x64.Build.0 = Release|Any CPU
		{2D788EA4-00CC-4961-8300-5DCD2B56AF6E}.AppStore|x86.ActiveCfg = Release|Any CPU
		{2D788EA4-00CC-4961-8300-5DCD2B56AF6E}.AppStore|x86.Build.0 = Release|Any CPU
		{2D788EA4-00CC-4961-8300-5DCD2B56AF6E}.Debug|Any CPU.ActiveCfg = Debug|Any CPU
		{2D788EA4-00CC-4961-8300-5DCD2B56AF6E}.Debug|Any CPU.Build.0 = Debug|Any CPU
		{2D788EA4-00CC-4961-8300-5DCD2B56AF6E}.Debug|ARM.ActiveCfg = Debug|Any CPU
		{2D788EA4-00CC-4961-8300-5DCD2B56AF6E}.Debug|ARM.Build.0 = Debug|Any CPU
		{2D788EA4-00CC-4961-8300-5DCD2B56AF6E}.Debug|iPhone.ActiveCfg = Debug|Any CPU
		{2D788EA4-00CC-4961-8300-5DCD2B56AF6E}.Debug|iPhone.Build.0 = Debug|Any CPU
		{2D788EA4-00CC-4961-8300-5DCD2B56AF6E}.Debug|iPhoneSimulator.ActiveCfg = Debug|Any CPU
		{2D788EA4-00CC-4961-8300-5DCD2B56AF6E}.Debug|iPhoneSimulator.Build.0 = Debug|Any CPU
		{2D788EA4-00CC-4961-8300-5DCD2B56AF6E}.Debug|x64.ActiveCfg = Debug|Any CPU
		{2D788EA4-00CC-4961-8300-5DCD2B56AF6E}.Debug|x64.Build.0 = Debug|Any CPU
		{2D788EA4-00CC-4961-8300-5DCD2B56AF6E}.Debug|x86.ActiveCfg = Debug|Any CPU
		{2D788EA4-00CC-4961-8300-5DCD2B56AF6E}.Debug|x86.Build.0 = Debug|Any CPU
		{2D788EA4-00CC-4961-8300-5DCD2B56AF6E}.Release|Any CPU.ActiveCfg = Release|Any CPU
		{2D788EA4-00CC-4961-8300-5DCD2B56AF6E}.Release|Any CPU.Build.0 = Release|Any CPU
		{2D788EA4-00CC-4961-8300-5DCD2B56AF6E}.Release|ARM.ActiveCfg = Release|Any CPU
		{2D788EA4-00CC-4961-8300-5DCD2B56AF6E}.Release|ARM.Build.0 = Release|Any CPU
		{2D788EA4-00CC-4961-8300-5DCD2B56AF6E}.Release|iPhone.ActiveCfg = Release|Any CPU
		{2D788EA4-00CC-4961-8300-5DCD2B56AF6E}.Release|iPhone.Build.0 = Release|Any CPU
		{2D788EA4-00CC-4961-8300-5DCD2B56AF6E}.Release|iPhoneSimulator.ActiveCfg = Release|Any CPU
		{2D788EA4-00CC-4961-8300-5DCD2B56AF6E}.Release|iPhoneSimulator.Build.0 = Release|Any CPU
		{2D788EA4-00CC-4961-8300-5DCD2B56AF6E}.Release|x64.ActiveCfg = Release|Any CPU
		{2D788EA4-00CC-4961-8300-5DCD2B56AF6E}.Release|x64.Build.0 = Release|Any CPU
		{2D788EA4-00CC-4961-8300-5DCD2B56AF6E}.Release|x86.ActiveCfg = Release|Any CPU
		{2D788EA4-00CC-4961-8300-5DCD2B56AF6E}.Release|x86.Build.0 = Release|Any CPU
	EndGlobalSection
	GlobalSection(SolutionProperties) = preSolution
		HideSolutionNode = FALSE
	EndGlobalSection
EndGlobal
