
Microsoft Visual Studio Solution File, Format Version 12.00
# Visual Studio 15
VisualStudioVersion = 15.0.26430.12
MinimumVisualStudioVersion = 10.0.40219.1
Project("{9A19103F-16F7-4668-BE54-9A1E7A4F7556}") = "XamarinForms.Behaviors", "XamarinForms.Behaviors\XamarinForms.Behaviors.csproj", "{6BD293A1-23F2-40A2-BBB0-100E50B6ECC3}"
EndProject
Project("{FAE04EC0-301F-11D3-BF4B-00C04F79EFBC}") = "XamarinForms.Behaviors.Tests", "XamarinForms.Behaviors.Tests\XamarinForms.Behaviors.Tests.csproj", "{2D788EA4-00CC-4961-8300-5DCD2B56AF6E}"
EndProject
Global
	GlobalSection(SolutionConfigurationPlatforms) = preSolution
		Debug|Any CPU = Debug|Any CPU
		Release|Any CPU = Release|Any CPU
	EndGlobalSection
	GlobalSection(ProjectConfigurationPlatforms) = postSolution
		{6BD293A1-23F2-40A2-BBB0-100E50B6ECC3}.Debug|Any CPU.ActiveCfg = Debug|Any CPU
		{6BD293A1-23F2-40A2-BBB0-100E50B6ECC3}.Debug|Any CPU.Build.0 = Debug|Any CPU
		{6BD293A1-23F2-40A2-BBB0-100E50B6ECC3}.Release|Any CPU.ActiveCfg = Release|Any CPU
		{6BD293A1-23F2-40A2-BBB0-100E50B6ECC3}.Release|Any CPU.Build.0 = Release|Any CPU
		{2D788EA4-00CC-4961-8300-5DCD2B56AF6E}.Debug|Any CPU.ActiveCfg = Debug|Any CPU
		{2D788EA4-00CC-4961-8300-5DCD2B56AF6E}.Debug|Any CPU.Build.0 = Debug|Any CPU
		{2D788EA4-00CC-4961-8300-5DCD2B56AF6E}.Release|Any CPU.ActiveCfg = Release|Any CPU
		{2D788EA4-00CC-4961-8300-5DCD2B56AF6E}.Release|Any CPU.Build.0 = Release|Any CPU
	EndGlobalSection
	GlobalSection(SolutionProperties) = preSolution
		HideSolutionNode = FALSE
	EndGlobalSection
EndGlobal
